
Microsoft Visual Studio Solution File, Format Version 12.00
# Visual Studio Version 17
VisualStudioVersion = 17.4.33213.308
MinimumVisualStudioVersion = 10.0.40219.1
Project("{F184B08F-C81C-45F6-A57F-5ABD9991F28F}") = "LISTS FOR SINGLE AND MULTIPLE SELECTION", "LISTS FOR SINGLE AND MULTIPLE SELECTION.vbproj", "{D9FD75B1-9359-445C-AFD3-9CEBE7B95971}"
EndProject
Global
	GlobalSection(SolutionConfigurationPlatforms) = preSolution
		Debug|Any CPU = Debug|Any CPU
		Release|Any CPU = Release|Any CPU
	EndGlobalSection
	GlobalSection(ProjectConfigurationPlatforms) = postSolution
		{D9FD75B1-9359-445C-AFD3-9CEBE7B95971}.Debug|Any CPU.ActiveCfg = Debug|Any CPU
		{D9FD75B1-9359-445C-AFD3-9CEBE7B95971}.Debug|Any CPU.Build.0 = Debug|Any CPU
		{D9FD75B1-9359-445C-AFD3-9CEBE7B95971}.Release|Any CPU.ActiveCfg = Release|Any CPU
		{D9FD75B1-9359-445C-AFD3-9CEBE7B95971}.Release|Any CPU.Build.0 = Release|Any CPU
	EndGlobalSection
	GlobalSection(SolutionProperties) = preSolution
		HideSolutionNode = FALSE
	EndGlobalSection
	GlobalSection(ExtensibilityGlobals) = postSolution
		SolutionGuid = {C0FE44B1-96CA-485D-A231-E0F2D53AAE9A}
	EndGlobalSection
EndGlobal
